
Microsoft Visual Studio Solution File, Format Version 12.00
# Visual Studio Version 17
VisualStudioVersion = 17.5.33424.131
MinimumVisualStudioVersion = 10.0.40219.1
Project("{FAE04EC0-301F-11D3-BF4B-00C04F79EFBC}") = "BigBang_Assessment", "BigBang_Assessment\BigBang_Assessment.csproj", "{189FAC47-AFE5-4A1C-A581-D6EE0A288822}"
EndProject
Global
	GlobalSection(SolutionConfigurationPlatforms) = preSolution
		Debug|Any CPU = Debug|Any CPU
		Release|Any CPU = Release|Any CPU
	EndGlobalSection
	GlobalSection(ProjectConfigurationPlatforms) = postSolution
		{189FAC47-AFE5-4A1C-A581-D6EE0A288822}.Debug|Any CPU.ActiveCfg = Debug|Any CPU
		{189FAC47-AFE5-4A1C-A581-D6EE0A288822}.Debug|Any CPU.Build.0 = Debug|Any CPU
		{189FAC47-AFE5-4A1C-A581-D6EE0A288822}.Release|Any CPU.ActiveCfg = Release|Any CPU
		{189FAC47-AFE5-4A1C-A581-D6EE0A288822}.Release|Any CPU.Build.0 = Release|Any CPU
	EndGlobalSection
	GlobalSection(SolutionProperties) = preSolution
		HideSolutionNode = FALSE
	EndGlobalSection
	GlobalSection(ExtensibilityGlobals) = postSolution
		SolutionGuid = {DC35B9F1-5505-4A30-B101-63D27A25B05E}
	EndGlobalSection
EndGlobal
